
Microsoft Visual Studio Solution File, Format Version 12.00
# Visual Studio Version 17
VisualStudioVersion = 17.10.35122.118
MinimumVisualStudioVersion = 10.0.40219.1
Project("{FAE04EC0-301F-11D3-BF4B-00C04F79EFBC}") = "Sea batle", "Sea batle\Sea batle.csproj", "{ABBE3A2B-338A-4686-BF1C-D16701641F0A}"
EndProject
Global
	GlobalSection(SolutionConfigurationPlatforms) = preSolution
		Debug|Any CPU = Debug|Any CPU
		Release|Any CPU = Release|Any CPU
	EndGlobalSection
	GlobalSection(ProjectConfigurationPlatforms) = postSolution
		{ABBE3A2B-338A-4686-BF1C-D16701641F0A}.Debug|Any CPU.ActiveCfg = Debug|Any CPU
		{ABBE3A2B-338A-4686-BF1C-D16701641F0A}.Debug|Any CPU.Build.0 = Debug|Any CPU
		{ABBE3A2B-338A-4686-BF1C-D16701641F0A}.Release|Any CPU.ActiveCfg = Release|Any CPU
		{ABBE3A2B-338A-4686-BF1C-D16701641F0A}.Release|Any CPU.Build.0 = Release|Any CPU
	EndGlobalSection
	GlobalSection(SolutionProperties) = preSolution
		HideSolutionNode = FALSE
	EndGlobalSection
	GlobalSection(ExtensibilityGlobals) = postSolution
		SolutionGuid = {FAC20E0C-0F01-424A-B428-FE4F5F162BAF}
	EndGlobalSection
EndGlobal
